{
  "object": {
    "pins": [
      {
        "package": "BigNumber",
        "repositoryURL": "https://github.com/mkrd/Swift-BigInt.git",
        "state": {
          "branch": null,
          "revision": "b07e961f4c999671cf8c2dc80e740899e8946013",
          "version": "2.3.0"
        }
      }
    ]
  },
  "version": 1
}
