{
  "object": {
    "pins": [
      {
        "package": "BigNumber",
        "repositoryURL": "https://github.com/mkrd/Swift-BigInt.git",
        "state": {
          "branch": null,
          "revision": "7e2117797cd1b608303cc2da1a3a2263cc4e7727",
          "version": "2.4.0"
        }
      }
    ]
  },
  "version": 1
}
