{
  "pins" : [
    {
      "identity" : "breez-sdk-spark-swift",
      "kind" : "remoteSourceControl",
      "location" : "https://github.com/breez/breez-sdk-spark-swift",
      "state" : {
        "revision" : "52383b9461fe40d117eca5e455fb5388f34d0409",
        "version" : "0.1.1"
      }
    },
    {
      "identity" : "swift-argument-parser",
      "kind" : "remoteSourceControl",
      "location" : "https://github.com/apple/swift-argument-parser",
      "state" : {
        "revision" : "309a47b2b1d9b5e991f36961c983ecec72275be3",
        "version" : "1.6.1"
      }
    }
  ],
  "version" : 2
}
